
Microsoft Visual Studio Solution File, Format Version 12.00
# Visual Studio Version 17
VisualStudioVersion = 17.8.34330.188
MinimumVisualStudioVersion = 10.0.40219.1
Project("{FAE04EC0-301F-11D3-BF4B-00C04F79EFBC}") = "TestDemo1", "TestDemo1\TestDemo1.csproj", "{47239D70-04A6-49E2-9C6B-543C51AD8271}"
EndProject
Global
	GlobalSection(SolutionConfigurationPlatforms) = preSolution
		Debug|Any CPU = Debug|Any CPU
		Release|Any CPU = Release|Any CPU
	EndGlobalSection
	GlobalSection(ProjectConfigurationPlatforms) = postSolution
		{47239D70-04A6-49E2-9C6B-543C51AD8271}.Debug|Any CPU.ActiveCfg = Debug|Any CPU
		{47239D70-04A6-49E2-9C6B-543C51AD8271}.Debug|Any CPU.Build.0 = Debug|Any CPU
		{47239D70-04A6-49E2-9C6B-543C51AD8271}.Release|Any CPU.ActiveCfg = Release|Any CPU
		{47239D70-04A6-49E2-9C6B-543C51AD8271}.Release|Any CPU.Build.0 = Release|Any CPU
	EndGlobalSection
	GlobalSection(SolutionProperties) = preSolution
		HideSolutionNode = FALSE
	EndGlobalSection
	GlobalSection(ExtensibilityGlobals) = postSolution
		SolutionGuid = {3DFFA0AC-DDF6-470A-9E9B-89D95ABCE0D3}
	EndGlobalSection
EndGlobal
